
Microsoft Visual Studio Solution File, Format Version 12.00
# Visual Studio Version 16
VisualStudioVersion = 16.0.29613.14
MinimumVisualStudioVersion = 10.0.40219.1
Project("{FAE04EC0-301F-11D3-BF4B-00C04F79EFBC}") = "HandsOnVehicleInheritance", "HandsOnVehicleInheritance.csproj", "{EAC5265F-2312-404B-A279-83615B0976AA}"
EndProject
Global
	GlobalSection(SolutionConfigurationPlatforms) = preSolution
		Debug|Any CPU = Debug|Any CPU
		Release|Any CPU = Release|Any CPU
	EndGlobalSection
	GlobalSection(ProjectConfigurationPlatforms) = postSolution
		{EAC5265F-2312-404B-A279-83615B0976AA}.Debug|Any CPU.ActiveCfg = Debug|Any CPU
		{EAC5265F-2312-404B-A279-83615B0976AA}.Debug|Any CPU.Build.0 = Debug|Any CPU
		{EAC5265F-2312-404B-A279-83615B0976AA}.Release|Any CPU.ActiveCfg = Release|Any CPU
		{EAC5265F-2312-404B-A279-83615B0976AA}.Release|Any CPU.Build.0 = Release|Any CPU
	EndGlobalSection
	GlobalSection(SolutionProperties) = preSolution
		HideSolutionNode = FALSE
	EndGlobalSection
	GlobalSection(ExtensibilityGlobals) = postSolution
		SolutionGuid = {CD7A312B-4EE9-48D4-B7F7-051A35D771F6}
	EndGlobalSection
EndGlobal
