
Microsoft Visual Studio Solution File, Format Version 12.00
# Visual Studio Version 16
VisualStudioVersion = 16.0.29613.14
MinimumVisualStudioVersion = 10.0.40219.1
Project("{FAE04EC0-301F-11D3-BF4B-00C04F79EFBC}") = "HandsOnCollege", "HandsOnCollege.csproj", "{F9F598CA-CCBF-4FDF-B861-A9D0E52520AE}"
EndProject
Global
	GlobalSection(SolutionConfigurationPlatforms) = preSolution
		Debug|Any CPU = Debug|Any CPU
		Release|Any CPU = Release|Any CPU
	EndGlobalSection
	GlobalSection(ProjectConfigurationPlatforms) = postSolution
		{F9F598CA-CCBF-4FDF-B861-A9D0E52520AE}.Debug|Any CPU.ActiveCfg = Debug|Any CPU
		{F9F598CA-CCBF-4FDF-B861-A9D0E52520AE}.Debug|Any CPU.Build.0 = Debug|Any CPU
		{F9F598CA-CCBF-4FDF-B861-A9D0E52520AE}.Release|Any CPU.ActiveCfg = Release|Any CPU
		{F9F598CA-CCBF-4FDF-B861-A9D0E52520AE}.Release|Any CPU.Build.0 = Release|Any CPU
	EndGlobalSection
	GlobalSection(SolutionProperties) = preSolution
		HideSolutionNode = FALSE
	EndGlobalSection
	GlobalSection(ExtensibilityGlobals) = postSolution
		SolutionGuid = {CE907C37-532A-490F-8967-607A37CFCEDF}
	EndGlobalSection
EndGlobal
