
Microsoft Visual Studio Solution File, Format Version 12.00
# Visual Studio Version 16
VisualStudioVersion = 16.0.29613.14
MinimumVisualStudioVersion = 10.0.40219.1
Project("{FAE04EC0-301F-11D3-BF4B-00C04F79EFBC}") = "HandsOnCURD", "HandsOnCURD.csproj", "{C2D758D8-55E6-4881-81EB-D20B05047E51}"
EndProject
Global
	GlobalSection(SolutionConfigurationPlatforms) = preSolution
		Debug|Any CPU = Debug|Any CPU
		Release|Any CPU = Release|Any CPU
	EndGlobalSection
	GlobalSection(ProjectConfigurationPlatforms) = postSolution
		{C2D758D8-55E6-4881-81EB-D20B05047E51}.Debug|Any CPU.ActiveCfg = Debug|Any CPU
		{C2D758D8-55E6-4881-81EB-D20B05047E51}.Debug|Any CPU.Build.0 = Debug|Any CPU
		{C2D758D8-55E6-4881-81EB-D20B05047E51}.Release|Any CPU.ActiveCfg = Release|Any CPU
		{C2D758D8-55E6-4881-81EB-D20B05047E51}.Release|Any CPU.Build.0 = Release|Any CPU
	EndGlobalSection
	GlobalSection(SolutionProperties) = preSolution
		HideSolutionNode = FALSE
	EndGlobalSection
	GlobalSection(ExtensibilityGlobals) = postSolution
		SolutionGuid = {C6411CB0-87AD-4422-AE47-0B225C64CEF0}
	EndGlobalSection
EndGlobal
