
Microsoft Visual Studio Solution File, Format Version 12.00
# Visual Studio Version 16
VisualStudioVersion = 16.0.29613.14
MinimumVisualStudioVersion = 10.0.40219.1
Project("{FAE04EC0-301F-11D3-BF4B-00C04F79EFBC}") = "HndsOnVariablesWithDataTypes", "HndsOnVariablesWithDataTypes.csproj", "{32BD79D3-86AA-4A6F-B689-42EB9075B052}"
EndProject
Global
	GlobalSection(SolutionConfigurationPlatforms) = preSolution
		Debug|Any CPU = Debug|Any CPU
		Release|Any CPU = Release|Any CPU
	EndGlobalSection
	GlobalSection(ProjectConfigurationPlatforms) = postSolution
		{32BD79D3-86AA-4A6F-B689-42EB9075B052}.Debug|Any CPU.ActiveCfg = Debug|Any CPU
		{32BD79D3-86AA-4A6F-B689-42EB9075B052}.Debug|Any CPU.Build.0 = Debug|Any CPU
		{32BD79D3-86AA-4A6F-B689-42EB9075B052}.Release|Any CPU.ActiveCfg = Release|Any CPU
		{32BD79D3-86AA-4A6F-B689-42EB9075B052}.Release|Any CPU.Build.0 = Release|Any CPU
	EndGlobalSection
	GlobalSection(SolutionProperties) = preSolution
		HideSolutionNode = FALSE
	EndGlobalSection
	GlobalSection(ExtensibilityGlobals) = postSolution
		SolutionGuid = {03AB82BA-D779-48B4-A908-F3DBCD4D6380}
	EndGlobalSection
EndGlobal
