
Microsoft Visual Studio Solution File, Format Version 12.00
# Visual Studio Version 16
VisualStudioVersion = 16.0.29613.14
MinimumVisualStudioVersion = 10.0.40219.1
Project("{FAE04EC0-301F-11D3-BF4B-00C04F79EFBC}") = "HandsOnCallBy", "HandsOnCallBy.csproj", "{C00574A7-0966-45A4-BEF7-788E16EE0609}"
EndProject
Global
	GlobalSection(SolutionConfigurationPlatforms) = preSolution
		Debug|Any CPU = Debug|Any CPU
		Release|Any CPU = Release|Any CPU
	EndGlobalSection
	GlobalSection(ProjectConfigurationPlatforms) = postSolution
		{C00574A7-0966-45A4-BEF7-788E16EE0609}.Debug|Any CPU.ActiveCfg = Debug|Any CPU
		{C00574A7-0966-45A4-BEF7-788E16EE0609}.Debug|Any CPU.Build.0 = Debug|Any CPU
		{C00574A7-0966-45A4-BEF7-788E16EE0609}.Release|Any CPU.ActiveCfg = Release|Any CPU
		{C00574A7-0966-45A4-BEF7-788E16EE0609}.Release|Any CPU.Build.0 = Release|Any CPU
	EndGlobalSection
	GlobalSection(SolutionProperties) = preSolution
		HideSolutionNode = FALSE
	EndGlobalSection
	GlobalSection(ExtensibilityGlobals) = postSolution
		SolutionGuid = {CAF6B676-8777-4B20-9852-A431DA89197C}
	EndGlobalSection
EndGlobal
