
Microsoft Visual Studio Solution File, Format Version 12.00
# Visual Studio Version 16
VisualStudioVersion = 16.0.29613.14
MinimumVisualStudioVersion = 10.0.40219.1
Project("{FAE04EC0-301F-11D3-BF4B-00C04F79EFBC}") = "HandsOnOperator", "HandsOnOperator.csproj", "{10FFE02D-D847-453E-A017-7E7BDD9468AD}"
EndProject
Global
	GlobalSection(SolutionConfigurationPlatforms) = preSolution
		Debug|Any CPU = Debug|Any CPU
		Release|Any CPU = Release|Any CPU
	EndGlobalSection
	GlobalSection(ProjectConfigurationPlatforms) = postSolution
		{10FFE02D-D847-453E-A017-7E7BDD9468AD}.Debug|Any CPU.ActiveCfg = Debug|Any CPU
		{10FFE02D-D847-453E-A017-7E7BDD9468AD}.Debug|Any CPU.Build.0 = Debug|Any CPU
		{10FFE02D-D847-453E-A017-7E7BDD9468AD}.Release|Any CPU.ActiveCfg = Release|Any CPU
		{10FFE02D-D847-453E-A017-7E7BDD9468AD}.Release|Any CPU.Build.0 = Release|Any CPU
	EndGlobalSection
	GlobalSection(SolutionProperties) = preSolution
		HideSolutionNode = FALSE
	EndGlobalSection
	GlobalSection(ExtensibilityGlobals) = postSolution
		SolutionGuid = {FDA9A742-D8E3-413F-8D19-2EEEF02C7E69}
	EndGlobalSection
EndGlobal
