
Microsoft Visual Studio Solution File, Format Version 12.00
# Visual Studio Version 16
VisualStudioVersion = 16.0.29613.14
MinimumVisualStudioVersion = 10.0.40219.1
Project("{FAE04EC0-301F-11D3-BF4B-00C04F79EFBC}") = "QuizAssignments", "QuizAssignments.csproj", "{DB69C190-D639-4DA9-A1DD-B05459B9F0AB}"
EndProject
Global
	GlobalSection(SolutionConfigurationPlatforms) = preSolution
		Debug|Any CPU = Debug|Any CPU
		Release|Any CPU = Release|Any CPU
	EndGlobalSection
	GlobalSection(ProjectConfigurationPlatforms) = postSolution
		{DB69C190-D639-4DA9-A1DD-B05459B9F0AB}.Debug|Any CPU.ActiveCfg = Debug|Any CPU
		{DB69C190-D639-4DA9-A1DD-B05459B9F0AB}.Debug|Any CPU.Build.0 = Debug|Any CPU
		{DB69C190-D639-4DA9-A1DD-B05459B9F0AB}.Release|Any CPU.ActiveCfg = Release|Any CPU
		{DB69C190-D639-4DA9-A1DD-B05459B9F0AB}.Release|Any CPU.Build.0 = Release|Any CPU
	EndGlobalSection
	GlobalSection(SolutionProperties) = preSolution
		HideSolutionNode = FALSE
	EndGlobalSection
	GlobalSection(ExtensibilityGlobals) = postSolution
		SolutionGuid = {E81A8A30-5045-49EC-8566-35DB558520D1}
	EndGlobalSection
EndGlobal
