
Microsoft Visual Studio Solution File, Format Version 12.00
# Visual Studio Version 16
VisualStudioVersion = 16.0.29613.14
MinimumVisualStudioVersion = 10.0.40219.1
Project("{FAE04EC0-301F-11D3-BF4B-00C04F79EFBC}") = "Lambda", "Lambda.csproj", "{4E594E26-9D37-4A46-8A6D-B1E30D82B8B4}"
EndProject
Global
	GlobalSection(SolutionConfigurationPlatforms) = preSolution
		Debug|Any CPU = Debug|Any CPU
		Release|Any CPU = Release|Any CPU
	EndGlobalSection
	GlobalSection(ProjectConfigurationPlatforms) = postSolution
		{4E594E26-9D37-4A46-8A6D-B1E30D82B8B4}.Debug|Any CPU.ActiveCfg = Debug|Any CPU
		{4E594E26-9D37-4A46-8A6D-B1E30D82B8B4}.Debug|Any CPU.Build.0 = Debug|Any CPU
		{4E594E26-9D37-4A46-8A6D-B1E30D82B8B4}.Release|Any CPU.ActiveCfg = Release|Any CPU
		{4E594E26-9D37-4A46-8A6D-B1E30D82B8B4}.Release|Any CPU.Build.0 = Release|Any CPU
	EndGlobalSection
	GlobalSection(SolutionProperties) = preSolution
		HideSolutionNode = FALSE
	EndGlobalSection
	GlobalSection(ExtensibilityGlobals) = postSolution
		SolutionGuid = {DE87AAFD-605E-459D-906F-6639E542C3E3}
	EndGlobalSection
EndGlobal
