
Microsoft Visual Studio Solution File, Format Version 12.00
# Visual Studio Version 16
VisualStudioVersion = 16.0.29613.14
MinimumVisualStudioVersion = 10.0.40219.1
Project("{FAE04EC0-301F-11D3-BF4B-00C04F79EFBC}") = "HandsOnSingleObjectAssignment", "HandsOnSingleObjectAssignment.csproj", "{5D28B46A-0976-4937-8386-A79A7F646FCA}"
EndProject
Global
	GlobalSection(SolutionConfigurationPlatforms) = preSolution
		Debug|Any CPU = Debug|Any CPU
		Release|Any CPU = Release|Any CPU
	EndGlobalSection
	GlobalSection(ProjectConfigurationPlatforms) = postSolution
		{5D28B46A-0976-4937-8386-A79A7F646FCA}.Debug|Any CPU.ActiveCfg = Debug|Any CPU
		{5D28B46A-0976-4937-8386-A79A7F646FCA}.Debug|Any CPU.Build.0 = Debug|Any CPU
		{5D28B46A-0976-4937-8386-A79A7F646FCA}.Release|Any CPU.ActiveCfg = Release|Any CPU
		{5D28B46A-0976-4937-8386-A79A7F646FCA}.Release|Any CPU.Build.0 = Release|Any CPU
	EndGlobalSection
	GlobalSection(SolutionProperties) = preSolution
		HideSolutionNode = FALSE
	EndGlobalSection
	GlobalSection(ExtensibilityGlobals) = postSolution
		SolutionGuid = {61AEE310-C080-43F5-9AF8-6BD66178EB85}
	EndGlobalSection
EndGlobal
